
Microsoft Visual Studio Solution File, Format Version 12.00
# Visual Studio Version 17
VisualStudioVersion = 17.9.34723.18
MinimumVisualStudioVersion = 10.0.40219.1
Project("{2150E333-8FDC-42A3-9474-1A3956D46DE8}") = "01", "01", "{E3D25B64-38E5-414C-83A4-1370F4FF1371}"
EndProject
Project("{9A19103F-16F7-4668-BE54-9A1E7A4F7556}") = "ConsoleApp01", "ConsoleApp01\ConsoleApp01.csproj", "{2C9C9E3B-26D2-4020-8DB4-2E018F8D474D}"
EndProject
Project("{2150E333-8FDC-42A3-9474-1A3956D46DE8}") = "02", "02", "{03B977A5-61B0-46D2-A602-DB47004F8894}"
EndProject
Project("{9A19103F-16F7-4668-BE54-9A1E7A4F7556}") = "ConsoleApp02.Consola", "ConsoleApp02.Consola\ConsoleApp02.Consola.csproj", "{A3786311-0E5F-4FA9-9AE3-DF62CBF91929}"
EndProject
Project("{2150E333-8FDC-42A3-9474-1A3956D46DE8}") = "03", "03", "{D2CBEFD0-73CD-4275-86C9-99DBEFCCB0B2}"
EndProject
Project("{9A19103F-16F7-4668-BE54-9A1E7A4F7556}") = "ConsoleApp03", "ConsoleApp03\ConsoleApp03.csproj", "{2D3DFBBE-7977-468B-AB5F-B2F2B2E7EAFE}"
EndProject
Project("{2150E333-8FDC-42A3-9474-1A3956D46DE8}") = "04", "04", "{BA130F1C-4BEE-4F3C-90D1-E9214FA6119F}"
EndProject
Project("{9A19103F-16F7-4668-BE54-9A1E7A4F7556}") = "ConsoleApp04", "ConsoleApp04\ConsoleApp04.csproj", "{5A449CCA-ED14-4ADB-81C3-050EBC2B0B31}"
EndProject
Project("{2150E333-8FDC-42A3-9474-1A3956D46DE8}") = "05", "05", "{F6FB13A6-135E-4DA2-B887-5977E717780C}"
EndProject
Project("{9A19103F-16F7-4668-BE54-9A1E7A4F7556}") = "ConsoleApp05", "ConsoleApp05\ConsoleApp05.csproj", "{5095BC98-02F8-460B-B2BD-D110E4FD2B47}"
EndProject
Project("{2150E333-8FDC-42A3-9474-1A3956D46DE8}") = "06", "06", "{61249AF4-9D8E-46F2-99A2-6F258F64BAF7}"
EndProject
Project("{9A19103F-16F7-4668-BE54-9A1E7A4F7556}") = "ConsoleApp06", "ConsoleApp06\ConsoleApp06.csproj", "{7440D61A-875B-4EC1-8BBE-A1A789AFDB90}"
EndProject
Project("{2150E333-8FDC-42A3-9474-1A3956D46DE8}") = "07", "07", "{E6E9841D-5620-407E-934A-CBEC571A5442}"
EndProject
Project("{9A19103F-16F7-4668-BE54-9A1E7A4F7556}") = "ConsoleApp07", "ConsoleApp07\ConsoleApp07.csproj", "{54C184CD-D209-4B6B-A6B1-58325743758F}"
EndProject
Project("{2150E333-8FDC-42A3-9474-1A3956D46DE8}") = "08", "08", "{6A7F2111-C88E-49BC-985B-A3F5298AAEDA}"
EndProject
Project("{9A19103F-16F7-4668-BE54-9A1E7A4F7556}") = "ConsoleApp08", "ConsoleApp08\ConsoleApp08.csproj", "{171F9CE2-6405-4870-A9F0-FDF3CE6E2B07}"
EndProject
Project("{2150E333-8FDC-42A3-9474-1A3956D46DE8}") = "09", "09", "{8B2BF232-3B34-4D78-A4D6-CEC3CD8B23EE}"
EndProject
Project("{9A19103F-16F7-4668-BE54-9A1E7A4F7556}") = "ConsoleApp09", "ConsoleApp09\ConsoleApp09.csproj", "{98AF3FF9-52FA-455E-9430-750B771A1C7B}"
EndProject
Project("{2150E333-8FDC-42A3-9474-1A3956D46DE8}") = "10", "10", "{0FEE7524-F6F0-4E38-94B3-994009BFAEA8}"
EndProject
Project("{FAE04EC0-301F-11D3-BF4B-00C04F79EFBC}") = "ConsoleApp10", "ConsoleApp10\ConsoleApp10.csproj", "{FBA72B03-338B-42DB-928F-5AA642FE7D24}"
EndProject
Project("{2150E333-8FDC-42A3-9474-1A3956D46DE8}") = "11", "11", "{C0E9D34A-C42A-43FA-B7FB-87CF3A2FC71F}"
EndProject
Project("{FAE04EC0-301F-11D3-BF4B-00C04F79EFBC}") = "ConsoleApp11", "ConsoleApp11\ConsoleApp11.csproj", "{F194DC0E-8333-4307-A85C-AEE6872F6F61}"
EndProject
Project("{2150E333-8FDC-42A3-9474-1A3956D46DE8}") = "12", "12", "{D7CADD6A-0F70-462D-BBA6-8751CBEF7A7D}"
EndProject
Project("{FAE04EC0-301F-11D3-BF4B-00C04F79EFBC}") = "ConsoleApp12", "ConsoleApp12\ConsoleApp12.csproj", "{E25AD67F-2CC4-4139-BA58-E2B3D85A2405}"
EndProject
Global
	GlobalSection(SolutionConfigurationPlatforms) = preSolution
		Debug|Any CPU = Debug|Any CPU
		Release|Any CPU = Release|Any CPU
	EndGlobalSection
	GlobalSection(ProjectConfigurationPlatforms) = postSolution
		{2C9C9E3B-26D2-4020-8DB4-2E018F8D474D}.Debug|Any CPU.ActiveCfg = Debug|Any CPU
		{2C9C9E3B-26D2-4020-8DB4-2E018F8D474D}.Debug|Any CPU.Build.0 = Debug|Any CPU
		{2C9C9E3B-26D2-4020-8DB4-2E018F8D474D}.Release|Any CPU.ActiveCfg = Release|Any CPU
		{2C9C9E3B-26D2-4020-8DB4-2E018F8D474D}.Release|Any CPU.Build.0 = Release|Any CPU
		{A3786311-0E5F-4FA9-9AE3-DF62CBF91929}.Debug|Any CPU.ActiveCfg = Debug|Any CPU
		{A3786311-0E5F-4FA9-9AE3-DF62CBF91929}.Debug|Any CPU.Build.0 = Debug|Any CPU
		{A3786311-0E5F-4FA9-9AE3-DF62CBF91929}.Release|Any CPU.ActiveCfg = Release|Any CPU
		{A3786311-0E5F-4FA9-9AE3-DF62CBF91929}.Release|Any CPU.Build.0 = Release|Any CPU
		{2D3DFBBE-7977-468B-AB5F-B2F2B2E7EAFE}.Debug|Any CPU.ActiveCfg = Debug|Any CPU
		{2D3DFBBE-7977-468B-AB5F-B2F2B2E7EAFE}.Debug|Any CPU.Build.0 = Debug|Any CPU
		{2D3DFBBE-7977-468B-AB5F-B2F2B2E7EAFE}.Release|Any CPU.ActiveCfg = Release|Any CPU
		{2D3DFBBE-7977-468B-AB5F-B2F2B2E7EAFE}.Release|Any CPU.Build.0 = Release|Any CPU
		{5A449CCA-ED14-4ADB-81C3-050EBC2B0B31}.Debug|Any CPU.ActiveCfg = Debug|Any CPU
		{5A449CCA-ED14-4ADB-81C3-050EBC2B0B31}.Debug|Any CPU.Build.0 = Debug|Any CPU
		{5A449CCA-ED14-4ADB-81C3-050EBC2B0B31}.Release|Any CPU.ActiveCfg = Release|Any CPU
		{5A449CCA-ED14-4ADB-81C3-050EBC2B0B31}.Release|Any CPU.Build.0 = Release|Any CPU
		{5095BC98-02F8-460B-B2BD-D110E4FD2B47}.Debug|Any CPU.ActiveCfg = Debug|Any CPU
		{5095BC98-02F8-460B-B2BD-D110E4FD2B47}.Debug|Any CPU.Build.0 = Debug|Any CPU
		{5095BC98-02F8-460B-B2BD-D110E4FD2B47}.Release|Any CPU.ActiveCfg = Release|Any CPU
		{5095BC98-02F8-460B-B2BD-D110E4FD2B47}.Release|Any CPU.Build.0 = Release|Any CPU
		{7440D61A-875B-4EC1-8BBE-A1A789AFDB90}.Debug|Any CPU.ActiveCfg = Debug|Any CPU
		{7440D61A-875B-4EC1-8BBE-A1A789AFDB90}.Debug|Any CPU.Build.0 = Debug|Any CPU
		{7440D61A-875B-4EC1-8BBE-A1A789AFDB90}.Release|Any CPU.ActiveCfg = Release|Any CPU
		{7440D61A-875B-4EC1-8BBE-A1A789AFDB90}.Release|Any CPU.Build.0 = Release|Any CPU
		{54C184CD-D209-4B6B-A6B1-58325743758F}.Debug|Any CPU.ActiveCfg = Debug|Any CPU
		{54C184CD-D209-4B6B-A6B1-58325743758F}.Debug|Any CPU.Build.0 = Debug|Any CPU
		{54C184CD-D209-4B6B-A6B1-58325743758F}.Release|Any CPU.ActiveCfg = Release|Any CPU
		{54C184CD-D209-4B6B-A6B1-58325743758F}.Release|Any CPU.Build.0 = Release|Any CPU
		{171F9CE2-6405-4870-A9F0-FDF3CE6E2B07}.Debug|Any CPU.ActiveCfg = Debug|Any CPU
		{171F9CE2-6405-4870-A9F0-FDF3CE6E2B07}.Debug|Any CPU.Build.0 = Debug|Any CPU
		{171F9CE2-6405-4870-A9F0-FDF3CE6E2B07}.Release|Any CPU.ActiveCfg = Release|Any CPU
		{171F9CE2-6405-4870-A9F0-FDF3CE6E2B07}.Release|Any CPU.Build.0 = Release|Any CPU
		{98AF3FF9-52FA-455E-9430-750B771A1C7B}.Debug|Any CPU.ActiveCfg = Debug|Any CPU
		{98AF3FF9-52FA-455E-9430-750B771A1C7B}.Debug|Any CPU.Build.0 = Debug|Any CPU
		{98AF3FF9-52FA-455E-9430-750B771A1C7B}.Release|Any CPU.ActiveCfg = Release|Any CPU
		{98AF3FF9-52FA-455E-9430-750B771A1C7B}.Release|Any CPU.Build.0 = Release|Any CPU
		{FBA72B03-338B-42DB-928F-5AA642FE7D24}.Debug|Any CPU.ActiveCfg = Debug|Any CPU
		{FBA72B03-338B-42DB-928F-5AA642FE7D24}.Debug|Any CPU.Build.0 = Debug|Any CPU
		{FBA72B03-338B-42DB-928F-5AA642FE7D24}.Release|Any CPU.ActiveCfg = Release|Any CPU
		{FBA72B03-338B-42DB-928F-5AA642FE7D24}.Release|Any CPU.Build.0 = Release|Any CPU
		{F194DC0E-8333-4307-A85C-AEE6872F6F61}.Debug|Any CPU.ActiveCfg = Debug|Any CPU
		{F194DC0E-8333-4307-A85C-AEE6872F6F61}.Debug|Any CPU.Build.0 = Debug|Any CPU
		{F194DC0E-8333-4307-A85C-AEE6872F6F61}.Release|Any CPU.ActiveCfg = Release|Any CPU
		{F194DC0E-8333-4307-A85C-AEE6872F6F61}.Release|Any CPU.Build.0 = Release|Any CPU
		{E25AD67F-2CC4-4139-BA58-E2B3D85A2405}.Debug|Any CPU.ActiveCfg = Debug|Any CPU
		{E25AD67F-2CC4-4139-BA58-E2B3D85A2405}.Debug|Any CPU.Build.0 = Debug|Any CPU
		{E25AD67F-2CC4-4139-BA58-E2B3D85A2405}.Release|Any CPU.ActiveCfg = Release|Any CPU
		{E25AD67F-2CC4-4139-BA58-E2B3D85A2405}.Release|Any CPU.Build.0 = Release|Any CPU
	EndGlobalSection
	GlobalSection(SolutionProperties) = preSolution
		HideSolutionNode = FALSE
	EndGlobalSection
	GlobalSection(NestedProjects) = preSolution
		{2C9C9E3B-26D2-4020-8DB4-2E018F8D474D} = {E3D25B64-38E5-414C-83A4-1370F4FF1371}
		{A3786311-0E5F-4FA9-9AE3-DF62CBF91929} = {03B977A5-61B0-46D2-A602-DB47004F8894}
		{2D3DFBBE-7977-468B-AB5F-B2F2B2E7EAFE} = {D2CBEFD0-73CD-4275-86C9-99DBEFCCB0B2}
		{5A449CCA-ED14-4ADB-81C3-050EBC2B0B31} = {BA130F1C-4BEE-4F3C-90D1-E9214FA6119F}
		{5095BC98-02F8-460B-B2BD-D110E4FD2B47} = {F6FB13A6-135E-4DA2-B887-5977E717780C}
		{7440D61A-875B-4EC1-8BBE-A1A789AFDB90} = {61249AF4-9D8E-46F2-99A2-6F258F64BAF7}
		{54C184CD-D209-4B6B-A6B1-58325743758F} = {E6E9841D-5620-407E-934A-CBEC571A5442}
		{171F9CE2-6405-4870-A9F0-FDF3CE6E2B07} = {6A7F2111-C88E-49BC-985B-A3F5298AAEDA}
		{98AF3FF9-52FA-455E-9430-750B771A1C7B} = {8B2BF232-3B34-4D78-A4D6-CEC3CD8B23EE}
		{FBA72B03-338B-42DB-928F-5AA642FE7D24} = {0FEE7524-F6F0-4E38-94B3-994009BFAEA8}
		{F194DC0E-8333-4307-A85C-AEE6872F6F61} = {C0E9D34A-C42A-43FA-B7FB-87CF3A2FC71F}
		{E25AD67F-2CC4-4139-BA58-E2B3D85A2405} = {D7CADD6A-0F70-462D-BBA6-8751CBEF7A7D}
	EndGlobalSection
	GlobalSection(ExtensibilityGlobals) = postSolution
		SolutionGuid = {F92B445A-7744-4A52-8314-9DFC4572D9DF}
	EndGlobalSection
EndGlobal
